
Microsoft Visual Studio Solution File, Format Version 12.00
# Visual Studio Version 16
VisualStudioVersion = 16.0.31702.278
MinimumVisualStudioVersion = 10.0.40219.1
Project("{8BC9CEB8-8B4A-11D0-8D11-00A0C91BC942}") = "slw-extra-objects", "slw-extra-objects\slw-extra-objects.vcxproj", "{78610FCB-DA44-47D9-8AA4-4471030463F9}"
EndProject
Global
	GlobalSection(SolutionConfigurationPlatforms) = preSolution
		Debug|x86 = Debug|x86
		Release|x86 = Release|x86
	EndGlobalSection
	GlobalSection(ProjectConfigurationPlatforms) = postSolution
		{78610FCB-DA44-47D9-8AA4-4471030463F9}.Debug|x86.ActiveCfg = Debug|Win32
		{78610FCB-DA44-47D9-8AA4-4471030463F9}.Debug|x86.Build.0 = Debug|Win32
		{78610FCB-DA44-47D9-8AA4-4471030463F9}.Release|x86.ActiveCfg = Release|Win32
		{78610FCB-DA44-47D9-8AA4-4471030463F9}.Release|x86.Build.0 = Release|Win32
	EndGlobalSection
	GlobalSection(SolutionProperties) = preSolution
		HideSolutionNode = FALSE
	EndGlobalSection
	GlobalSection(ExtensibilityGlobals) = postSolution
		SolutionGuid = {69958190-A8E1-4128-A6DE-3CE11CCD5DDD}
	EndGlobalSection
EndGlobal
